// !$*UTF8*$!
{
	archiveVersion = 1;
	classes = {
	};
	objectVersion = 46;
	objects = {

/* Begin PBXBuildFile section */
		006DB42F19BDDD420097F8D1 /* AppDelegate.swift in Sources */ = {isa = PBXBuildFile; fileRef = 006DB42E19BDDD420097F8D1 /* AppDelegate.swift */; };
		006DB43119BDDD420097F8D1 /* ViewController.swift in Sources */ = {isa = PBXBuildFile; fileRef = 006DB43019BDDD420097F8D1 /* ViewController.swift */; };
		006DB43419BDDD420097F8D1 /* Main.storyboard in Resources */ = {isa = PBXBuildFile; fileRef = 006DB43219BDDD420097F8D1 /* Main.storyboard */; };
		006DB43619BDDD420097F8D1 /* Images.xcassets in Resources */ = {isa = PBXBuildFile; fileRef = 006DB43519BDDD420097F8D1 /* Images.xcassets */; };
		006DB44219BDDD420097F8D1 /* MasterUp2Tests.swift in Sources */ = {isa = PBXBuildFile; fileRef = 006DB44119BDDD420097F8D1 /* MasterUp2Tests.swift */; };
		006DB44C19BDE1CF0097F8D1 /* Authentication.storyboard in Resources */ = {isa = PBXBuildFile; fileRef = 006DB44B19BDE1CF0097F8D1 /* Authentication.storyboard */; };
		006DB44F19BDE6580097F8D1 /* LoginViewController.swift in Sources */ = {isa = PBXBuildFile; fileRef = 006DB44E19BDE6580097F8D1 /* LoginViewController.swift */; };
/* End PBXBuildFile section */

/* Begin PBXContainerItemProxy section */
		006DB43C19BDDD420097F8D1 /* PBXContainerItemProxy */ = {
			isa = PBXContainerItemProxy;
			containerPortal = 006DB42119BDDD420097F8D1 /* Project object */;
			proxyType = 1;
			remoteGlobalIDString = 006DB42819BDDD420097F8D1;
			remoteInfo = MasterUp2;
		};
/* End PBXContainerItemProxy section */

/* Begin PBXFileReference section */
		006DB42919BDDD420097F8D1 /* MasterUp2.app */ = {isa = PBXFileReference; explicitFileType = wrapper.application; includeInIndex = 0; path = MasterUp2.app; sourceTree = BUILT_PRODUCTS_DIR; };
		006DB42D19BDDD420097F8D1 /* Info.plist */ = {isa = PBXFileReference; lastKnownFileType = text.plist.xml; path = Info.plist; sourceTree = "<group>"; };
		006DB42E19BDDD420097F8D1 /* AppDelegate.swift */ = {isa = PBXFileReference; lastKnownFileType = sourcecode.swift; path = AppDelegate.swift; sourceTree = "<group>"; };
		006DB43019BDDD420097F8D1 /* ViewController.swift */ = {isa = PBXFileReference; lastKnownFileType = sourcecode.swift; path = ViewController.swift; sourceTree = "<group>"; };
		006DB43319BDDD420097F8D1 /* Base */ = {isa = PBXFileReference; lastKnownFileType = file.storyboard; name = Base; path = Base.lproj/Main.storyboard; sourceTree = "<group>"; };
		006DB43519BDDD420097F8D1 /* Images.xcassets */ = {isa = PBXFileReference; lastKnownFileType = folder.assetcatalog; path = Images.xcassets; sourceTree = "<group>"; };
		006DB43B19BDDD420097F8D1 /* MasterUp2Tests.xctest */ = {isa = PBXFileReference; explicitFileType = wrapper.cfbundle; includeInIndex = 0; path = MasterUp2Tests.xctest; sourceTree = BUILT_PRODUCTS_DIR; };
		006DB44019BDDD420097F8D1 /* Info.plist */ = {isa = PBXFileReference; lastKnownFileType = text.plist.xml; path = Info.plist; sourceTree = "<group>"; };
		006DB44119BDDD420097F8D1 /* MasterUp2Tests.swift */ = {isa = PBXFileReference; lastKnownFileType = sourcecode.swift; path = MasterUp2Tests.swift; sourceTree = "<group>"; };
		006DB44B19BDE1CF0097F8D1 /* Authentication.storyboard */ = {isa = PBXFileReference; fileEncoding = 4; lastKnownFileType = file.storyboard; name = Authentication.storyboard; path = Storyboards/Authentication.storyboard; sourceTree = "<group>"; };
		006DB44E19BDE6580097F8D1 /* LoginViewController.swift */ = {isa = PBXFileReference; fileEncoding = 4; lastKnownFileType = sourcecode.swift; name = LoginViewController.swift; path = Controllers/LoginViewController.swift; sourceTree = "<group>"; };
/* End PBXFileReference section */

/* Begin PBXFrameworksBuildPhase section */
		006DB42619BDDD420097F8D1 /* Frameworks */ = {
			isa = PBXFrameworksBuildPhase;
			buildActionMask = 2147483647;
			files = (
			);
			runOnlyForDeploymentPostprocessing = 0;
		};
		006DB43819BDDD420097F8D1 /* Frameworks */ = {
			isa = PBXFrameworksBuildPhase;
			buildActionMask = 2147483647;
			files = (
			);
			runOnlyForDeploymentPostprocessing = 0;
		};
/* End PBXFrameworksBuildPhase section */

/* Begin PBXGroup section */
		006DB42019BDDD420097F8D1 = {
			isa = PBXGroup;
			children = (
				006DB42B19BDDD420097F8D1 /* MasterUp2 */,
				006DB43E19BDDD420097F8D1 /* MasterUp2Tests */,
				006DB42A19BDDD420097F8D1 /* Products */,
			);
			sourceTree = "<group>";
		};
		006DB42A19BDDD420097F8D1 /* Products */ = {
			isa = PBXGroup;
			children = (
				006DB42919BDDD420097F8D1 /* MasterUp2.app */,
				006DB43B19BDDD420097F8D1 /* MasterUp2Tests.xctest */,
			);
			name = Products;
			sourceTree = "<group>";
		};
		006DB42B19BDDD420097F8D1 /* MasterUp2 */ = {
			isa = PBXGroup;
			children = (
				006DB42E19BDDD420097F8D1 /* AppDelegate.swift */,
				006DB45019BDE6670097F8D1 /* Controllers */,
				006DB44D19BDE1E60097F8D1 /* Storyboards */,
				006DB43519BDDD420097F8D1 /* Images.xcassets */,
				006DB42C19BDDD420097F8D1 /* Supporting Files */,
			);
			path = MasterUp2;
			sourceTree = "<group>";
		};
		006DB42C19BDDD420097F8D1 /* Supporting Files */ = {
			isa = PBXGroup;
			children = (
				006DB42D19BDDD420097F8D1 /* Info.plist */,
			);
			name = "Supporting Files";
			sourceTree = "<group>";
		};
		006DB43E19BDDD420097F8D1 /* MasterUp2Tests */ = {
			isa = PBXGroup;
			children = (
				006DB44119BDDD420097F8D1 /* MasterUp2Tests.swift */,
				006DB43F19BDDD420097F8D1 /* Supporting Files */,
			);
			path = MasterUp2Tests;
			sourceTree = "<group>";
		};
		006DB43F19BDDD420097F8D1 /* Supporting Files */ = {
			isa = PBXGroup;
			children = (
				006DB44019BDDD420097F8D1 /* Info.plist */,
			);
			name = "Supporting Files";
			sourceTree = "<group>";
		};
		006DB44D19BDE1E60097F8D1 /* Storyboards */ = {
			isa = PBXGroup;
			children = (
				006DB43219BDDD420097F8D1 /* Main.storyboard */,
				006DB44B19BDE1CF0097F8D1 /* Authentication.storyboard */,
			);
			name = Storyboards;
			sourceTree = "<group>";
		};
		006DB45019BDE6670097F8D1 /* Controllers */ = {
			isa = PBXGroup;
			children = (
				006DB43019BDDD420097F8D1 /* ViewController.swift */,
				006DB44E19BDE6580097F8D1 /* LoginViewController.swift */,
			);
			name = Controllers;
			sourceTree = "<group>";
		};
/* End PBXGroup section */

/* Begin PBXNativeTarget section */
		006DB42819BDDD420097F8D1 /* MasterUp2 */ = {
			isa = PBXNativeTarget;
			buildConfigurationList = 006DB44519BDDD420097F8D1 /* Build configuration list for PBXNativeTarget "MasterUp2" */;
			buildPhases = (
				006DB42519BDDD420097F8D1 /* Sources */,
				006DB42619BDDD420097F8D1 /* Frameworks */,
				006DB42719BDDD420097F8D1 /* Resources */,
			);
			buildRules = (
			);
			dependencies = (
			);
			name = MasterUp2;
			productName = MasterUp2;
			productReference = 006DB42919BDDD420097F8D1 /* MasterUp2.app */;
			productType = "com.apple.product-type.application";
		};
		006DB43A19BDDD420097F8D1 /* MasterUp2Tests */ = {
			isa = PBXNativeTarget;
			buildConfigurationList = 006DB44819BDDD420097F8D1 /* Build configuration list for PBXNativeTarget "MasterUp2Tests" */;
			buildPhases = (
				006DB43719BDDD420097F8D1 /* Sources */,
				006DB43819BDDD420097F8D1 /* Frameworks */,
				006DB43919BDDD420097F8D1 /* Resources */,
			);
			buildRules = (
			);
			dependencies = (
				006DB43D19BDDD420097F8D1 /* PBXTargetDependency */,
			);
			name = MasterUp2Tests;
			productName = MasterUp2Tests;
			productReference = 006DB43B19BDDD420097F8D1 /* MasterUp2Tests.xctest */;
			productType = "com.apple.product-type.bundle.unit-test";
		};
/* End PBXNativeTarget section */

/* Begin PBXProject section */
		006DB42119BDDD420097F8D1 /* Project object */ = {
			isa = PBXProject;
			attributes = {
				LastUpgradeCheck = 0600;
				ORGANIZATIONNAME = purrweb;
				TargetAttributes = {
					006DB42819BDDD420097F8D1 = {
						CreatedOnToolsVersion = 6.0;
					};
					006DB43A19BDDD420097F8D1 = {
						CreatedOnToolsVersion = 6.0;
						TestTargetID = 006DB42819BDDD420097F8D1;
					};
				};
			};
			buildConfigurationList = 006DB42419BDDD420097F8D1 /* Build configuration list for PBXProject "MasterUp2" */;
			compatibilityVersion = "Xcode 3.2";
			developmentRegion = English;
			hasScannedForEncodings = 0;
			knownRegions = (
				en,
				Base,
			);
			mainGroup = 006DB42019BDDD420097F8D1;
			productRefGroup = 006DB42A19BDDD420097F8D1 /* Products */;
			projectDirPath = "";
			projectRoot = "";
			targets = (
				006DB42819BDDD420097F8D1 /* MasterUp2 */,
				006DB43A19BDDD420097F8D1 /* MasterUp2Tests */,
			);
		};
/* End PBXProject section */

/* Begin PBXResourcesBuildPhase section */
		006DB42719BDDD420097F8D1 /* Resources */ = {
			isa = PBXResourcesBuildPhase;
			buildActionMask = 2147483647;
			files = (
				006DB44C19BDE1CF0097F8D1 /* Authentication.storyboard in Resources */,
				006DB43419BDDD420097F8D1 /* Main.storyboard in Resources */,
				006DB43619BDDD420097F8D1 /* Images.xcassets in Resources */,
			);
			runOnlyForDeploymentPostprocessing = 0;
		};
		006DB43919BDDD420097F8D1 /* Resources */ = {
			isa = PBXResourcesBuildPhase;
			buildActionMask = 2147483647;
			files = (
			);
			runOnlyForDeploymentPostprocessing = 0;
		};
/* End PBXResourcesBuildPhase section */

/* Begin PBXSourcesBuildPhase section */
		006DB42519BDDD420097F8D1 /* Sources */ = {
			isa = PBXSourcesBuildPhase;
			buildActionMask = 2147483647;
			files = (
				006DB44F19BDE6580097F8D1 /* LoginViewController.swift in Sources */,
				006DB43119BDDD420097F8D1 /* ViewController.swift in Sources */,
				006DB42F19BDDD420097F8D1 /* AppDelegate.swift in Sources */,
			);
			runOnlyForDeploymentPostprocessing = 0;
		};
		006DB43719BDDD420097F8D1 /* Sources */ = {
			isa = PBXSourcesBuildPhase;
			buildActionMask = 2147483647;
			files = (
				006DB44219BDDD420097F8D1 /* MasterUp2Tests.swift in Sources */,
			);
			runOnlyForDeploymentPostprocessing = 0;
		};
/* End PBXSourcesBuildPhase section */

/* Begin PBXTargetDependency section */
		006DB43D19BDDD420097F8D1 /* PBXTargetDependency */ = {
			isa = PBXTargetDependency;
			target = 006DB42819BDDD420097F8D1 /* MasterUp2 */;
			targetProxy = 006DB43C19BDDD420097F8D1 /* PBXContainerItemProxy */;
		};
/* End PBXTargetDependency section */

/* Begin PBXVariantGroup section */
		006DB43219BDDD420097F8D1 /* Main.storyboard */ = {
			isa = PBXVariantGroup;
			children = (
				006DB43319BDDD420097F8D1 /* Base */,
			);
			name = Main.storyboard;
			sourceTree = "<group>";
		};
/* End PBXVariantGroup section */

/* Begin XCBuildConfiguration section */
		006DB44319BDDD420097F8D1 /* Debug */ = {
			isa = XCBuildConfiguration;
			buildSettings = {
				ALWAYS_SEARCH_USER_PATHS = NO;
				CLANG_CXX_LANGUAGE_STANDARD = "gnu++0x";
				CLANG_CXX_LIBRARY = "libc++";
				CLANG_ENABLE_MODULES = YES;
				CLANG_ENABLE_OBJC_ARC = YES;
				CLANG_WARN_BOOL_CONVERSION = YES;
				CLANG_WARN_CONSTANT_CONVERSION = YES;
				CLANG_WARN_DIRECT_OBJC_ISA_USAGE = YES_ERROR;
				CLANG_WARN_EMPTY_BODY = YES;
				CLANG_WARN_ENUM_CONVERSION = YES;
				CLANG_WARN_INT_CONVERSION = YES;
				CLANG_WARN_OBJC_ROOT_CLASS = YES_ERROR;
				CLANG_WARN_UNREACHABLE_CODE = YES;
				CLANG_WARN__DUPLICATE_METHOD_MATCH = YES;
				"CODE_SIGN_IDENTITY[sdk=iphoneos*]" = "iPhone Developer";
				COPY_PHASE_STRIP = NO;
				ENABLE_STRICT_OBJC_MSGSEND = YES;
				GCC_C_LANGUAGE_STANDARD = gnu99;
				GCC_DYNAMIC_NO_PIC = NO;
				GCC_OPTIMIZATION_LEVEL = 0;
				GCC_PREPROCESSOR_DEFINITIONS = (
					"DEBUG=1",
					"$(inherited)",
				);
				GCC_SYMBOLS_PRIVATE_EXTERN = NO;
				GCC_WARN_64_TO_32_BIT_CONVERSION = YES;
				GCC_WARN_ABOUT_RETURN_TYPE = YES_ERROR;
				GCC_WARN_UNDECLARED_SELECTOR = YES;
				GCC_WARN_UNINITIALIZED_AUTOS = YES_AGGRESSIVE;
				GCC_WARN_UNUSED_FUNCTION = YES;
				GCC_WARN_UNUSED_VARIABLE = YES;
				IPHONEOS_DEPLOYMENT_TARGET = 8.0;
				MTL_ENABLE_DEBUG_INFO = YES;
				ONLY_ACTIVE_ARCH = YES;
				SDKROOT = iphoneos;
				SWIFT_OPTIMIZATION_LEVEL = "-Onone";
			};
			name = Debug;
		};
		006DB44419BDDD420097F8D1 /* Release */ = {
			isa = XCBuildConfiguration;
			buildSettings = {
				ALWAYS_SEARCH_USER_PATHS = NO;
				CLANG_CXX_LANGUAGE_STANDARD = "gnu++0x";
				CLANG_CXX_LIBRARY = "libc++";
				CLANG_ENABLE_MODULES = YES;
				CLANG_ENABLE_OBJC_ARC = YES;
				CLANG_WARN_BOOL_CONVERSION = YES;
				CLANG_WARN_CONSTANT_CONVERSION = YES;
				CLANG_WARN_DIRECT_OBJC_ISA_USAGE = YES_ERROR;
				CLANG_WARN_EMPTY_BODY = YES;
				CLANG_WARN_ENUM_CONVERSION = YES;
				CLANG_WARN_INT_CONVERSION = YES;
				CLANG_WARN_OBJC_ROOT_CLASS = YES_ERROR;
				CLANG_WARN_UNREACHABLE_CODE = YES;
				CLANG_WARN__DUPLICATE_METHOD_MATCH = YES;
				"CODE_SIGN_IDENTITY[sdk=iphoneos*]" = "iPhone Developer";
				COPY_PHASE_STRIP = YES;
				ENABLE_NS_ASSERTIONS = NO;
				ENABLE_STRICT_OBJC_MSGSEND = YES;
				GCC_C_LANGUAGE_STANDARD = gnu99;
				GCC_WARN_64_TO_32_BIT_CONVERSION = YES;
				GCC_WARN_ABOUT_RETURN_TYPE = YES_ERROR;
				GCC_WARN_UNDECLARED_SELECTOR = YES;
				GCC_WARN_UNINITIALIZED_AUTOS = YES_AGGRESSIVE;
				GCC_WARN_UNUSED_FUNCTION = YES;
				GCC_WARN_UNUSED_VARIABLE = YES;
				IPHONEOS_DEPLOYMENT_TARGET = 8.0;
				MTL_ENABLE_DEBUG_INFO = NO;
				SDKROOT = iphoneos;
				VALIDATE_PRODUCT = YES;
			};
			name = Release;
		};
		006DB44619BDDD420097F8D1 /* Debug */ = {
			isa = XCBuildConfiguration;
			buildSettings = {
				ASSETCATALOG_COMPILER_APPICON_NAME = AppIcon;
				ASSETCATALOG_COMPILER_LAUNCHIMAGE_NAME = LaunchImage;
				INFOPLIST_FILE = MasterUp2/Info.plist;
				IPHONEOS_DEPLOYMENT_TARGET = 7.0;
				LD_RUNPATH_SEARCH_PATHS = "$(inherited) @executable_path/Frameworks";
				PRODUCT_NAME = "$(TARGET_NAME)";
				TARGETED_DEVICE_FAMILY = 1;
			};
			name = Debug;
		};
		006DB44719BDDD420097F8D1 /* Release */ = {
			isa = XCBuildConfiguration;
			buildSettings = {
				ASSETCATALOG_COMPILER_APPICON_NAME = AppIcon;
				ASSETCATALOG_COMPILER_LAUNCHIMAGE_NAME = LaunchImage;
				INFOPLIST_FILE = MasterUp2/Info.plist;
				IPHONEOS_DEPLOYMENT_TARGET = 7.0;
				LD_RUNPATH_SEARCH_PATHS = "$(inherited) @executable_path/Frameworks";
				PRODUCT_NAME = "$(TARGET_NAME)";
				TARGETED_DEVICE_FAMILY = 1;
			};
			name = Release;
		};
		006DB44919BDDD420097F8D1 /* Debug */ = {
			isa = XCBuildConfiguration;
			buildSettings = {
				BUNDLE_LOADER = "$(TEST_HOST)";
				FRAMEWORK_SEARCH_PATHS = (
					"$(SDKROOT)/Developer/Library/Frameworks",
					"$(inherited)",
				);
				GCC_PREPROCESSOR_DEFINITIONS = (
					"DEBUG=1",
					"$(inherited)",
				);
				INFOPLIST_FILE = MasterUp2Tests/Info.plist;
				LD_RUNPATH_SEARCH_PATHS = "$(inherited) @executable_path/Frameworks @loader_path/Frameworks";
				PRODUCT_NAME = "$(TARGET_NAME)";
				TEST_HOST = "$(BUILT_PRODUCTS_DIR)/MasterUp2.app/MasterUp2";
			};
			name = Debug;
		};
		006DB44A19BDDD420097F8D1 /* Release */ = {
			isa = XCBuildConfiguration;
			buildSettings = {
				BUNDLE_LOADER = "$(TEST_HOST)";
				FRAMEWORK_SEARCH_PATHS = (
					"$(SDKROOT)/Developer/Library/Frameworks",
					"$(inherited)",
				);
				INFOPLIST_FILE = MasterUp2Tests/Info.plist;
				LD_RUNPATH_SEARCH_PATHS = "$(inherited) @executable_path/Frameworks @loader_path/Frameworks";
				PRODUCT_NAME = "$(TARGET_NAME)";
				TEST_HOST = "$(BUILT_PRODUCTS_DIR)/MasterUp2.app/MasterUp2";
			};
			name = Release;
		};
/* End XCBuildConfiguration section */

/* Begin XCConfigurationList section */
		006DB42419BDDD420097F8D1 /* Build configuration list for PBXProject "MasterUp2" */ = {
			isa = XCConfigurationList;
			buildConfigurations = (
				006DB44319BDDD420097F8D1 /* Debug */,
				006DB44419BDDD420097F8D1 /* Release */,
			);
			defaultConfigurationIsVisible = 0;
			defaultConfigurationName = Release;
		};
		006DB44519BDDD420097F8D1 /* Build configuration list for PBXNativeTarget "MasterUp2" */ = {
			isa = XCConfigurationList;
			buildConfigurations = (
				006DB44619BDDD420097F8D1 /* Debug */,
				006DB44719BDDD420097F8D1 /* Release */,
			);
			defaultConfigurationIsVisible = 0;
		};
		006DB44819BDDD420097F8D1 /* Build configuration list for PBXNativeTarget "MasterUp2Tests" */ = {
			isa = XCConfigurationList;
			buildConfigurations = (
				006DB44919BDDD420097F8D1 /* Debug */,
				006DB44A19BDDD420097F8D1 /* Release */,
			);
			defaultConfigurationIsVisible = 0;
		};
/* End XCConfigurationList section */
	};
	rootObject = 006DB42119BDDD420097F8D1 /* Project object */;
}
